{
  "lockVersion": 2,
  "pid": 2357546,
  "acquiredAt": "2026-05-28T06:38:26.821Z",
  "heartbeatAt": "2026-05-29T01:01:12.584Z",
  "key": "f1636bea4119b87d4ea93ae7",
  "bridgeUrl": "wss://www.kimi.com/api-claw/bots/agent-ws",
  "instanceId": "connector-2357546-9f26633f-9bed-47fb-abc3-074ab4ca6b0d",
  "deviceId": "unknown-device"
}
