{
  "lockVersion": 2,
  "pid": 993262,
  "acquiredAt": "2026-07-27T07:43:02.935Z",
  "heartbeatAt": "2026-08-27T01:00:41.572Z",
  "key": "f1636bea4119b87d4ea93ae7",
  "bridgeUrl": "wss://www.kimi.com/api-claw/bots/agent-ws",
  "instanceId": "connector-993262-0a2b67b6-4e05-439a-b748-03b713684a8f",
  "deviceId": "unknown-device"
}
